
Microsoft Visual Studio Solution File, Format Version 12.00
# Visual Studio 15
VisualStudioVersion = 15.0.26730.15
MinimumVisualStudioVersion = 10.0.40219.1
Project("{9A19103F-16F7-4668-BE54-9A1E7A4F7556}") = "CSharp7Demo", "CSharp7Demo\CSharp7Demo.csproj", "{529BD431-E6B2-4A70-B49D-BA985A40DC9B}"
EndProject
Project("{9A19103F-16F7-4668-BE54-9A1E7A4F7556}") = "CSharp7Demo.Tests", "CSharp7Demo.Tests\CSharp7Demo.Tests.csproj", "{15E0DE80-4AC7-4090-AADD-244124E65A6D}"
EndProject
Global
	GlobalSection(SolutionConfigurationPlatforms) = preSolution
		Debug|Any CPU = Debug|Any CPU
		Release|Any CPU = Release|Any CPU
	EndGlobalSection
	GlobalSection(ProjectConfigurationPlatforms) = postSolution
		{529BD431-E6B2-4A70-B49D-BA985A40DC9B}.Debug|Any CPU.ActiveCfg = Debug|Any CPU
		{529BD431-E6B2-4A70-B49D-BA985A40DC9B}.Debug|Any CPU.Build.0 = Debug|Any CPU
		{529BD431-E6B2-4A70-B49D-BA985A40DC9B}.Release|Any CPU.ActiveCfg = Release|Any CPU
		{529BD431-E6B2-4A70-B49D-BA985A40DC9B}.Release|Any CPU.Build.0 = Release|Any CPU
		{15E0DE80-4AC7-4090-AADD-244124E65A6D}.Debug|Any CPU.ActiveCfg = Debug|Any CPU
		{15E0DE80-4AC7-4090-AADD-244124E65A6D}.Debug|Any CPU.Build.0 = Debug|Any CPU
		{15E0DE80-4AC7-4090-AADD-244124E65A6D}.Release|Any CPU.ActiveCfg = Release|Any CPU
		{15E0DE80-4AC7-4090-AADD-244124E65A6D}.Release|Any CPU.Build.0 = Release|Any CPU
	EndGlobalSection
	GlobalSection(SolutionProperties) = preSolution
		HideSolutionNode = FALSE
	EndGlobalSection
	GlobalSection(ExtensibilityGlobals) = postSolution
		SolutionGuid = {9D78F333-1877-4118-8D1A-64F61FE08B50}
	EndGlobalSection
EndGlobal
